
Microsoft Visual Studio Solution File, Format Version 12.00
# Visual Studio Version 17
VisualStudioVersion = 17.9.34616.47
MinimumVisualStudioVersion = 10.0.40219.1
Project("{9A19103F-16F7-4668-BE54-9A1E7A4F7556}") = "PL", "PL.csproj", "{84C41559-F898-4DE7-9D5F-F3D1EFA4119B}"
EndProject
Project("{9A19103F-16F7-4668-BE54-9A1E7A4F7556}") = "DAL", "..\DAL\DAL.csproj", "{61FCF3E9-A6C1-4E44-B523-7DCF08F1FC0C}"
EndProject
Project("{9A19103F-16F7-4668-BE54-9A1E7A4F7556}") = "LOGIC", "..\LOGIC\LOGIC.csproj", "{845D968F-B7E7-468E-AEE4-BE04125D43F1}"
EndProject
Project("{FAE04EC0-301F-11D3-BF4B-00C04F79EFBC}") = "LOGICTests", "..\LOGICTests\LOGICTests.csproj", "{5BADF028-1885-48EA-B2B3-7248554BCC0B}"
EndProject
Global
	GlobalSection(SolutionConfigurationPlatforms) = preSolution
		Debug|Any CPU = Debug|Any CPU
		Release|Any CPU = Release|Any CPU
	EndGlobalSection
	GlobalSection(ProjectConfigurationPlatforms) = postSolution
		{84C41559-F898-4DE7-9D5F-F3D1EFA4119B}.Debug|Any CPU.ActiveCfg = Debug|Any CPU
		{84C41559-F898-4DE7-9D5F-F3D1EFA4119B}.Debug|Any CPU.Build.0 = Debug|Any CPU
		{84C41559-F898-4DE7-9D5F-F3D1EFA4119B}.Release|Any CPU.ActiveCfg = Release|Any CPU
		{84C41559-F898-4DE7-9D5F-F3D1EFA4119B}.Release|Any CPU.Build.0 = Release|Any CPU
		{61FCF3E9-A6C1-4E44-B523-7DCF08F1FC0C}.Debug|Any CPU.ActiveCfg = Debug|Any CPU
		{61FCF3E9-A6C1-4E44-B523-7DCF08F1FC0C}.Debug|Any CPU.Build.0 = Debug|Any CPU
		{61FCF3E9-A6C1-4E44-B523-7DCF08F1FC0C}.Release|Any CPU.ActiveCfg = Release|Any CPU
		{61FCF3E9-A6C1-4E44-B523-7DCF08F1FC0C}.Release|Any CPU.Build.0 = Release|Any CPU
		{845D968F-B7E7-468E-AEE4-BE04125D43F1}.Debug|Any CPU.ActiveCfg = Debug|Any CPU
		{845D968F-B7E7-468E-AEE4-BE04125D43F1}.Debug|Any CPU.Build.0 = Debug|Any CPU
		{845D968F-B7E7-468E-AEE4-BE04125D43F1}.Release|Any CPU.ActiveCfg = Release|Any CPU
		{845D968F-B7E7-468E-AEE4-BE04125D43F1}.Release|Any CPU.Build.0 = Release|Any CPU
		{5BADF028-1885-48EA-B2B3-7248554BCC0B}.Debug|Any CPU.ActiveCfg = Debug|Any CPU
		{5BADF028-1885-48EA-B2B3-7248554BCC0B}.Debug|Any CPU.Build.0 = Debug|Any CPU
		{5BADF028-1885-48EA-B2B3-7248554BCC0B}.Release|Any CPU.ActiveCfg = Release|Any CPU
		{5BADF028-1885-48EA-B2B3-7248554BCC0B}.Release|Any CPU.Build.0 = Release|Any CPU
	EndGlobalSection
	GlobalSection(SolutionProperties) = preSolution
		HideSolutionNode = FALSE
	EndGlobalSection
	GlobalSection(ExtensibilityGlobals) = postSolution
		SolutionGuid = {5942A43F-D964-43FD-8D77-FA869057E3B8}
	EndGlobalSection
EndGlobal
